PODS:
  - MagicalRecord (2.3.2):
    - MagicalRecord/Core (= 2.3.2)
  - MagicalRecord/Core (2.3.2)
  - ORCoreData (3.0.0):
    - MagicalRecord (~> 2.3)

DEPENDENCIES:
  - ORCoreData (from `../`)

EXTERNAL SOURCES:
  ORCoreData:
    :path: ../

SPEC CHECKSUMS:
  MagicalRecord: 53bed74b4323b930992a725be713e53b37d19755
  ORCoreData: 6ba110a233e49bbae10124b1663ad69931e613e9

PODFILE CHECKSUM: 3567e80848cda4aea93aa0d5bba6c470660789cd

COCOAPODS: 1.1.0.rc.2
