PODS:
  - MagicalRecord (2.3.2):
    - MagicalRecord/Core (= 2.3.2)
  - MagicalRecord/Core (2.3.2)
  - ORCoreData (0.9.0):
    - MagicalRecord (~> 2.3)

DEPENDENCIES:
  - ORCoreData (from `../`)

EXTERNAL SOURCES:
  ORCoreData:
    :path: ../

SPEC CHECKSUMS:
  MagicalRecord: 53bed74b4323b930992a725be713e53b37d19755
  ORCoreData: 9f04e5ef399f24ec829a7eb6e9e6fc21ad7e5054

COCOAPODS: 0.39.0
